
Microsoft Visual Studio Solution File, Format Version 12.00
# Visual Studio Version 17
VisualStudioVersion = 17.4.33403.182
MinimumVisualStudioVersion = 10.0.40219.1
Project("{FAE04EC0-301F-11D3-BF4B-00C04F79EFBC}") = "SpecFlowProject1", "SpecFlowProject1\SpecFlowProject1.csproj", "{C09B8E8B-11FE-488B-B209-6D8FCD547CE7}"
EndProject
Project("{FAE04EC0-301F-11D3-BF4B-00C04F79EFBC}") = "ClassLibrary1", "ClassLibrary1\ClassLibrary1.csproj", "{32A92588-1C8D-471D-B076-FA02FF77FB2F}"
EndProject
Global
	GlobalSection(SolutionConfigurationPlatforms) = preSolution
		Debug|Any CPU = Debug|Any CPU
		Release|Any CPU = Release|Any CPU
	EndGlobalSection
	GlobalSection(ProjectConfigurationPlatforms) = postSolution
		{C09B8E8B-11FE-488B-B209-6D8FCD547CE7}.Debug|Any CPU.ActiveCfg = Debug|Any CPU
		{C09B8E8B-11FE-488B-B209-6D8FCD547CE7}.Debug|Any CPU.Build.0 = Debug|Any CPU
		{C09B8E8B-11FE-488B-B209-6D8FCD547CE7}.Release|Any CPU.ActiveCfg = Release|Any CPU
		{C09B8E8B-11FE-488B-B209-6D8FCD547CE7}.Release|Any CPU.Build.0 = Release|Any CPU
		{32A92588-1C8D-471D-B076-FA02FF77FB2F}.Debug|Any CPU.ActiveCfg = Debug|Any CPU
		{32A92588-1C8D-471D-B076-FA02FF77FB2F}.Debug|Any CPU.Build.0 = Debug|Any CPU
		{32A92588-1C8D-471D-B076-FA02FF77FB2F}.Release|Any CPU.ActiveCfg = Release|Any CPU
		{32A92588-1C8D-471D-B076-FA02FF77FB2F}.Release|Any CPU.Build.0 = Release|Any CPU
	EndGlobalSection
	GlobalSection(SolutionProperties) = preSolution
		HideSolutionNode = FALSE
	EndGlobalSection
	GlobalSection(ExtensibilityGlobals) = postSolution
		SolutionGuid = {E3C0C918-1D5E-4C5A-B7DD-E50C712EA1B5}
	EndGlobalSection
EndGlobal
